
Microsoft Visual Studio Solution File, Format Version 12.00
# Visual Studio Version 16
VisualStudioVersion = 16.0.29613.14
MinimumVisualStudioVersion = 10.0.40219.1
Project("{9A19103F-16F7-4668-BE54-9A1E7A4F7556}") = "MandlBrot", "MandlBrot\MandlBrot.csproj", "{B46ABE56-6BD0-428D-A4CE-15EEC1AAA7A6}"
EndProject
Project("{9A19103F-16F7-4668-BE54-9A1E7A4F7556}") = "ExchangeLibrary", "ExchangeLibrary\ExchangeLibrary.csproj", "{EEF764A4-5DF6-4686-8D0A-E2527444D072}"
EndProject
Project("{9A19103F-16F7-4668-BE54-9A1E7A4F7556}") = "Server", "Server\Server.csproj", "{96C34A18-AE2D-4497-B89D-31BF15DFFD92}"
EndProject
Project("{FAE04EC0-301F-11D3-BF4B-00C04F79EFBC}") = "Ventilator", "Ventilator\Ventilator.csproj", "{6D8F011C-D678-4E9F-B4D5-2F607AC11AA7}"
EndProject
Project("{FAE04EC0-301F-11D3-BF4B-00C04F79EFBC}") = "Worker", "Worker\Worker.csproj", "{473464C3-3140-4E88-A808-F8572660AB1D}"
EndProject
Project("{FAE04EC0-301F-11D3-BF4B-00C04F79EFBC}") = "Sink", "Sink\Sink.csproj", "{9BF51705-DB12-401E-BA57-394C295ABC97}"
EndProject
Global
	GlobalSection(SolutionConfigurationPlatforms) = preSolution
		Debug|Any CPU = Debug|Any CPU
		Release|Any CPU = Release|Any CPU
	EndGlobalSection
	GlobalSection(ProjectConfigurationPlatforms) = postSolution
		{B46ABE56-6BD0-428D-A4CE-15EEC1AAA7A6}.Debug|Any CPU.ActiveCfg = Debug|Any CPU
		{B46ABE56-6BD0-428D-A4CE-15EEC1AAA7A6}.Debug|Any CPU.Build.0 = Debug|Any CPU
		{B46ABE56-6BD0-428D-A4CE-15EEC1AAA7A6}.Release|Any CPU.ActiveCfg = Release|Any CPU
		{B46ABE56-6BD0-428D-A4CE-15EEC1AAA7A6}.Release|Any CPU.Build.0 = Release|Any CPU
		{EEF764A4-5DF6-4686-8D0A-E2527444D072}.Debug|Any CPU.ActiveCfg = Debug|Any CPU
		{EEF764A4-5DF6-4686-8D0A-E2527444D072}.Debug|Any CPU.Build.0 = Debug|Any CPU
		{EEF764A4-5DF6-4686-8D0A-E2527444D072}.Release|Any CPU.ActiveCfg = Release|Any CPU
		{EEF764A4-5DF6-4686-8D0A-E2527444D072}.Release|Any CPU.Build.0 = Release|Any CPU
		{96C34A18-AE2D-4497-B89D-31BF15DFFD92}.Debug|Any CPU.ActiveCfg = Debug|Any CPU
		{96C34A18-AE2D-4497-B89D-31BF15DFFD92}.Debug|Any CPU.Build.0 = Debug|Any CPU
		{96C34A18-AE2D-4497-B89D-31BF15DFFD92}.Release|Any CPU.ActiveCfg = Release|Any CPU
		{96C34A18-AE2D-4497-B89D-31BF15DFFD92}.Release|Any CPU.Build.0 = Release|Any CPU
		{6D8F011C-D678-4E9F-B4D5-2F607AC11AA7}.Debug|Any CPU.ActiveCfg = Debug|Any CPU
		{6D8F011C-D678-4E9F-B4D5-2F607AC11AA7}.Debug|Any CPU.Build.0 = Debug|Any CPU
		{6D8F011C-D678-4E9F-B4D5-2F607AC11AA7}.Release|Any CPU.ActiveCfg = Release|Any CPU
		{6D8F011C-D678-4E9F-B4D5-2F607AC11AA7}.Release|Any CPU.Build.0 = Release|Any CPU
		{473464C3-3140-4E88-A808-F8572660AB1D}.Debug|Any CPU.ActiveCfg = Debug|Any CPU
		{473464C3-3140-4E88-A808-F8572660AB1D}.Debug|Any CPU.Build.0 = Debug|Any CPU
		{473464C3-3140-4E88-A808-F8572660AB1D}.Release|Any CPU.ActiveCfg = Release|Any CPU
		{473464C3-3140-4E88-A808-F8572660AB1D}.Release|Any CPU.Build.0 = Release|Any CPU
		{9BF51705-DB12-401E-BA57-394C295ABC97}.Debug|Any CPU.ActiveCfg = Debug|Any CPU
		{9BF51705-DB12-401E-BA57-394C295ABC97}.Debug|Any CPU.Build.0 = Debug|Any CPU
		{9BF51705-DB12-401E-BA57-394C295ABC97}.Release|Any CPU.ActiveCfg = Release|Any CPU
		{9BF51705-DB12-401E-BA57-394C295ABC97}.Release|Any CPU.Build.0 = Release|Any CPU
	EndGlobalSection
	GlobalSection(SolutionProperties) = preSolution
		HideSolutionNode = FALSE
	EndGlobalSection
	GlobalSection(ExtensibilityGlobals) = postSolution
		SolutionGuid = {A80DA581-F6E0-44AF-B8F2-14F0A579A215}
	EndGlobalSection
EndGlobal
