
Microsoft Visual Studio Solution File, Format Version 12.00
# Visual Studio Version 16
VisualStudioVersion = 16.0.29613.14
MinimumVisualStudioVersion = 10.0.40219.1
Project("{FAE04EC0-301F-11D3-BF4B-00C04F79EFBC}") = "MandlBrot", "MandlBrot\MandlBrot.csproj", "{D5E6E34E-9B44-42F4-85EA-2A0488EAE2F0}"
EndProject
Global
	GlobalSection(SolutionConfigurationPlatforms) = preSolution
		Debug|Any CPU = Debug|Any CPU
		Release|Any CPU = Release|Any CPU
	EndGlobalSection
	GlobalSection(ProjectConfigurationPlatforms) = postSolution
		{D5E6E34E-9B44-42F4-85EA-2A0488EAE2F0}.Debug|Any CPU.ActiveCfg = Debug|Any CPU
		{D5E6E34E-9B44-42F4-85EA-2A0488EAE2F0}.Debug|Any CPU.Build.0 = Debug|Any CPU
		{D5E6E34E-9B44-42F4-85EA-2A0488EAE2F0}.Release|Any CPU.ActiveCfg = Release|Any CPU
		{D5E6E34E-9B44-42F4-85EA-2A0488EAE2F0}.Release|Any CPU.Build.0 = Release|Any CPU
	EndGlobalSection
	GlobalSection(SolutionProperties) = preSolution
		HideSolutionNode = FALSE
	EndGlobalSection
	GlobalSection(ExtensibilityGlobals) = postSolution
		SolutionGuid = {CAD9B2AF-3649-4401-8A58-8C64CEF6474C}
	EndGlobalSection
EndGlobal
